// !$*UTF8*$!
{
	archiveVersion = 1;
	classes = {
	};
	objectVersion = 48;
	objects = {

/* Begin PBXBuildFile section */
		1DCCE49F1FF4CD9800946B44 /* AppDelegate.m in Sources */ = {isa = PBXBuildFile; fileRef = 1DCCE49E1FF4CD9800946B44 /* AppDelegate.m */; };
		1DCCE4A41FF4CD9800946B44 /* Assets.xcassets in Resources */ = {isa = PBXBuildFile; fileRef = 1DCCE4A31FF4CD9800946B44 /* Assets.xcassets */; };
		1DCCE4A71FF4CD9800946B44 /* Main.storyboard in Resources */ = {isa = PBXBuildFile; fileRef = 1DCCE4A51FF4CD9800946B44 /* Main.storyboard */; };
		1DCCE4AA1FF4CD9800946B44 /* main.m in Sources */ = {isa = PBXBuildFile; fileRef = 1DCCE4A91FF4CD9800946B44 /* main.m */; };
		1DCCE4B31FF4CDF700946B44 /* RootController.m in Sources */ = {isa = PBXBuildFile; fileRef = 1DCCE4B21FF4CDF700946B44 /* RootController.m */; };
		1DCCE4B91FF4EB7300946B44 /* Mycell.m in Sources */ = {isa = PBXBuildFile; fileRef = 1DCCE4B81FF4EB7300946B44 /* Mycell.m */; };
		1DCCE4BF1FF4EC4B00946B44 /* XCFlipView.m in Sources */ = {isa = PBXBuildFile; fileRef = 1DCCE4BE1FF4EC4B00946B44 /* XCFlipView.m */; };
		1DCCE4C61FF4EE0600946B44 /* NSColor+Hex.m in Sources */ = {isa = PBXBuildFile; fileRef = 1DCCE4C21FF4EE0600946B44 /* NSColor+Hex.m */; };
		1DCCE4C71FF4EE0600946B44 /* NSView+Frame.m in Sources */ = {isa = PBXBuildFile; fileRef = 1DCCE4C41FF4EE0600946B44 /* NSView+Frame.m */; };
		D680CE766A9BB736E41953A8 /* libPods-macOS.a in Frameworks */ = {isa = PBXBuildFile; fileRef = ADE7B3DF12AE2F9019C72444 /* libPods-macOS.a */; };
/* End PBXBuildFile section */

/* Begin PBXFileReference section */
		07A0BDD454FAD740D8BE79F4 /* Pods-macOS.release.xcconfig */ = {isa = PBXFileReference; includeInIndex = 1; lastKnownFileType = text.xcconfig; name = "Pods-macOS.release.xcconfig"; path = "Pods/Target Support Files/Pods-macOS/Pods-macOS.release.xcconfig"; sourceTree = "<group>"; };
		1DCCE49A1FF4CD9700946B44 /* macOS.app */ = {isa = PBXFileReference; explicitFileType = wrapper.application; includeInIndex = 0; path = macOS.app; sourceTree = BUILT_PRODUCTS_DIR; };
		1DCCE49D1FF4CD9800946B44 /* AppDelegate.h */ = {isa = PBXFileReference; lastKnownFileType = sourcecode.c.h; path = AppDelegate.h; sourceTree = "<group>"; };
		1DCCE49E1FF4CD9800946B44 /* AppDelegate.m */ = {isa = PBXFileReference; lastKnownFileType = sourcecode.c.objc; path = AppDelegate.m; sourceTree = "<group>"; };
		1DCCE4A31FF4CD9800946B44 /* Assets.xcassets */ = {isa = PBXFileReference; lastKnownFileType = folder.assetcatalog; path = Assets.xcassets; sourceTree = "<group>"; };
		1DCCE4A61FF4CD9800946B44 /* Base */ = {isa = PBXFileReference; lastKnownFileType = file.storyboard; name = Base; path = Base.lproj/Main.storyboard; sourceTree = "<group>"; };
		1DCCE4A81FF4CD9800946B44 /* Info.plist */ = {isa = PBXFileReference; lastKnownFileType = text.plist.xml; path = Info.plist; sourceTree = "<group>"; };
		1DCCE4A91FF4CD9800946B44 /* main.m */ = {isa = PBXFileReference; lastKnownFileType = sourcecode.c.objc; path = main.m; sourceTree = "<group>"; };
		1DCCE4AB1FF4CD9800946B44 /* macOS.entitlements */ = {isa = PBXFileReference; lastKnownFileType = text.plist.entitlements; path = macOS.entitlements; sourceTree = "<group>"; };
		1DCCE4B11FF4CDF700946B44 /* RootController.h */ = {isa = PBXFileReference; lastKnownFileType = sourcecode.c.h; path = RootController.h; sourceTree = "<group>"; };
		1DCCE4B21FF4CDF700946B44 /* RootController.m */ = {isa = PBXFileReference; lastKnownFileType = sourcecode.c.objc; path = RootController.m; sourceTree = "<group>"; };
		1DCCE4B71FF4EB7300946B44 /* Mycell.h */ = {isa = PBXFileReference; lastKnownFileType = sourcecode.c.h; path = Mycell.h; sourceTree = "<group>"; };
		1DCCE4B81FF4EB7300946B44 /* Mycell.m */ = {isa = PBXFileReference; lastKnownFileType = sourcecode.c.objc; path = Mycell.m; sourceTree = "<group>"; };
		1DCCE4BD1FF4EC4B00946B44 /* XCFlipView.h */ = {isa = PBXFileReference; lastKnownFileType = sourcecode.c.h; path = XCFlipView.h; sourceTree = "<group>"; };
		1DCCE4BE1FF4EC4B00946B44 /* XCFlipView.m */ = {isa = PBXFileReference; lastKnownFileType = sourcecode.c.objc; path = XCFlipView.m; sourceTree = "<group>"; };
		1DCCE4C01FF4ED8300946B44 /* PrefixHeader.pch */ = {isa = PBXFileReference; lastKnownFileType = sourcecode.c.h; path = PrefixHeader.pch; sourceTree = "<group>"; };
		1DCCE4C21FF4EE0600946B44 /* NSColor+Hex.m */ = {isa = PBXFileReference; fileEncoding = 4; lastKnownFileType = sourcecode.c.objc; path = "NSColor+Hex.m"; sourceTree = "<group>"; };
		1DCCE4C31FF4EE0600946B44 /* NSView+Frame.h */ = {isa = PBXFileReference; fileEncoding = 4; lastKnownFileType = sourcecode.c.h; path = "NSView+Frame.h"; sourceTree = "<group>"; };
		1DCCE4C41FF4EE0600946B44 /* NSView+Frame.m */ = {isa = PBXFileReference; fileEncoding = 4; lastKnownFileType = sourcecode.c.objc; path = "NSView+Frame.m"; sourceTree = "<group>"; };
		1DCCE4C51FF4EE0600946B44 /* NSColor+Hex.h */ = {isa = PBXFileReference; fileEncoding = 4; lastKnownFileType = sourcecode.c.h; path = "NSColor+Hex.h"; sourceTree = "<group>"; };
		ADE7B3DF12AE2F9019C72444 /* libPods-macOS.a */ = {isa = PBXFileReference; explicitFileType = archive.ar; includeInIndex = 0; path = "libPods-macOS.a"; sourceTree = BUILT_PRODUCTS_DIR; };
		B46E295B77941E5B55092E87 /* Pods-macOS.debug.xcconfig */ = {isa = PBXFileReference; includeInIndex = 1; lastKnownFileType = text.xcconfig; name = "Pods-macOS.debug.xcconfig"; path = "Pods/Target Support Files/Pods-macOS/Pods-macOS.debug.xcconfig"; sourceTree = "<group>"; };
/* End PBXFileReference section */

/* Begin PBXFrameworksBuildPhase section */
		1DCCE4971FF4CD9700946B44 /* Frameworks */ = {
			isa = PBXFrameworksBuildPhase;
			buildActionMask = 2147483647;
			files = (
				D680CE766A9BB736E41953A8 /* libPods-macOS.a in Frameworks */,
			);
			runOnlyForDeploymentPostprocessing = 0;
		};
/* End PBXFrameworksBuildPhase section */

/* Begin PBXGroup section */
		1DCCE4911FF4CD9700946B44 = {
			isa = PBXGroup;
			children = (
				1DCCE49C1FF4CD9700946B44 /* macOS */,
				1DCCE49B1FF4CD9700946B44 /* Products */,
				8BBC16239F0BDC1EF780C807 /* Pods */,
				5A2E83A70A7A02D8ACD52272 /* Frameworks */,
			);
			sourceTree = "<group>";
		};
		1DCCE49B1FF4CD9700946B44 /* Products */ = {
			isa = PBXGroup;
			children = (
				1DCCE49A1FF4CD9700946B44 /* macOS.app */,
			);
			name = Products;
			sourceTree = "<group>";
		};
		1DCCE49C1FF4CD9700946B44 /* macOS */ = {
			isa = PBXGroup;
			children = (
				1DCCE49D1FF4CD9800946B44 /* AppDelegate.h */,
				1DCCE49E1FF4CD9800946B44 /* AppDelegate.m */,
				1DCCE4B11FF4CDF700946B44 /* RootController.h */,
				1DCCE4B21FF4CDF700946B44 /* RootController.m */,
				1DCCE4C11FF4EE0600946B44 /* Category */,
				1DCCE4BC1FF4EC3600946B44 /* BaseView */,
				1DCCE4B61FF4EB1900946B44 /* CommonView */,
				1DCCE4B51FF4E6B300946B44 /* Methed */,
				1DCCE4B41FF4E6B300946B44 /* UI */,
				1DCCE4A31FF4CD9800946B44 /* Assets.xcassets */,
				1DCCE4A51FF4CD9800946B44 /* Main.storyboard */,
				1DCCE4A81FF4CD9800946B44 /* Info.plist */,
				1DCCE4A91FF4CD9800946B44 /* main.m */,
				1DCCE4C01FF4ED8300946B44 /* PrefixHeader.pch */,
				1DCCE4AB1FF4CD9800946B44 /* macOS.entitlements */,
			);
			path = macOS;
			sourceTree = "<group>";
		};
		1DCCE4B41FF4E6B300946B44 /* UI */ = {
			isa = PBXGroup;
			children = (
			);
			path = UI;
			sourceTree = "<group>";
		};
		1DCCE4B51FF4E6B300946B44 /* Methed */ = {
			isa = PBXGroup;
			children = (
			);
			path = Methed;
			sourceTree = "<group>";
		};
		1DCCE4B61FF4EB1900946B44 /* CommonView */ = {
			isa = PBXGroup;
			children = (
				1DCCE4B71FF4EB7300946B44 /* Mycell.h */,
				1DCCE4B81FF4EB7300946B44 /* Mycell.m */,
			);
			path = CommonView;
			sourceTree = "<group>";
		};
		1DCCE4BC1FF4EC3600946B44 /* BaseView */ = {
			isa = PBXGroup;
			children = (
				1DCCE4BD1FF4EC4B00946B44 /* XCFlipView.h */,
				1DCCE4BE1FF4EC4B00946B44 /* XCFlipView.m */,
			);
			path = BaseView;
			sourceTree = "<group>";
		};
		1DCCE4C11FF4EE0600946B44 /* Category */ = {
			isa = PBXGroup;
			children = (
				1DCCE4C21FF4EE0600946B44 /* NSColor+Hex.m */,
				1DCCE4C31FF4EE0600946B44 /* NSView+Frame.h */,
				1DCCE4C41FF4EE0600946B44 /* NSView+Frame.m */,
				1DCCE4C51FF4EE0600946B44 /* NSColor+Hex.h */,
			);
			path = Category;
			sourceTree = "<group>";
		};
		5A2E83A70A7A02D8ACD52272 /* Frameworks */ = {
			isa = PBXGroup;
			children = (
				ADE7B3DF12AE2F9019C72444 /* libPods-macOS.a */,
			);
			name = Frameworks;
			sourceTree = "<group>";
		};
		8BBC16239F0BDC1EF780C807 /* Pods */ = {
			isa = PBXGroup;
			children = (
				B46E295B77941E5B55092E87 /* Pods-macOS.debug.xcconfig */,
				07A0BDD454FAD740D8BE79F4 /* Pods-macOS.release.xcconfig */,
			);
			name = Pods;
			sourceTree = "<group>";
		};
/* End PBXGroup section */

/* Begin PBXNativeTarget section */
		1DCCE4991FF4CD9700946B44 /* macOS */ = {
			isa = PBXNativeTarget;
			buildConfigurationList = 1DCCE4AE1FF4CD9800946B44 /* Build configuration list for PBXNativeTarget "macOS" */;
			buildPhases = (
				ED979A60E86DD40E53E1E7A1 /* [CP] Check Pods Manifest.lock */,
				1DCCE4961FF4CD9700946B44 /* Sources */,
				1DCCE4971FF4CD9700946B44 /* Frameworks */,
				1DCCE4981FF4CD9700946B44 /* Resources */,
				B774F770F985BAD72883252D /* [CP] Embed Pods Frameworks */,
				09D8EDBB420D4F7CDB3F3A6E /* [CP] Copy Pods Resources */,
			);
			buildRules = (
			);
			dependencies = (
			);
			name = macOS;
			productName = macOS;
			productReference = 1DCCE49A1FF4CD9700946B44 /* macOS.app */;
			productType = "com.apple.product-type.application";
		};
/* End PBXNativeTarget section */

/* Begin PBXProject section */
		1DCCE4921FF4CD9700946B44 /* Project object */ = {
			isa = PBXProject;
			attributes = {
				LastUpgradeCheck = 0920;
				ORGANIZATIONNAME = SF;
				TargetAttributes = {
					1DCCE4991FF4CD9700946B44 = {
						CreatedOnToolsVersion = 9.2;
						ProvisioningStyle = Automatic;
					};
				};
			};
			buildConfigurationList = 1DCCE4951FF4CD9700946B44 /* Build configuration list for PBXProject "macOS" */;
			compatibilityVersion = "Xcode 8.0";
			developmentRegion = en;
			hasScannedForEncodings = 0;
			knownRegions = (
				en,
				Base,
			);
			mainGroup = 1DCCE4911FF4CD9700946B44;
			productRefGroup = 1DCCE49B1FF4CD9700946B44 /* Products */;
			projectDirPath = "";
			projectRoot = "";
			targets = (
				1DCCE4991FF4CD9700946B44 /* macOS */,
			);
		};
/* End PBXProject section */

/* Begin PBXResourcesBuildPhase section */
		1DCCE4981FF4CD9700946B44 /* Resources */ = {
			isa = PBXResourcesBuildPhase;
			buildActionMask = 2147483647;
			files = (
				1DCCE4A41FF4CD9800946B44 /* Assets.xcassets in Resources */,
				1DCCE4A71FF4CD9800946B44 /* Main.storyboard in Resources */,
			);
			runOnlyForDeploymentPostprocessing = 0;
		};
/* End PBXResourcesBuildPhase section */

/* Begin PBXShellScriptBuildPhase section */
		09D8EDBB420D4F7CDB3F3A6E /* [CP] Copy Pods Resources */ = {
			isa = PBXShellScriptBuildPhase;
			buildActionMask = 2147483647;
			files = (
			);
			inputPaths = (
			);
			name = "[CP] Copy Pods Resources";
			outputPaths = (
			);
			runOnlyForDeploymentPostprocessing = 0;
			shellPath = /bin/sh;
			shellScript = "\"${SRCROOT}/Pods/Target Support Files/Pods-macOS/Pods-macOS-resources.sh\"\n";
			showEnvVarsInLog = 0;
		};
		B774F770F985BAD72883252D /* [CP] Embed Pods Frameworks */ = {
			isa = PBXShellScriptBuildPhase;
			buildActionMask = 2147483647;
			files = (
			);
			inputPaths = (
			);
			name = "[CP] Embed Pods Frameworks";
			outputPaths = (
			);
			runOnlyForDeploymentPostprocessing = 0;
			shellPath = /bin/sh;
			shellScript = "\"${SRCROOT}/Pods/Target Support Files/Pods-macOS/Pods-macOS-frameworks.sh\"\n";
			showEnvVarsInLog = 0;
		};
		ED979A60E86DD40E53E1E7A1 /* [CP] Check Pods Manifest.lock */ = {
			isa = PBXShellScriptBuildPhase;
			buildActionMask = 2147483647;
			files = (
			);
			inputPaths = (
				"${PODS_PODFILE_DIR_PATH}/Podfile.lock",
				"${PODS_ROOT}/Manifest.lock",
			);
			name = "[CP] Check Pods Manifest.lock";
			outputPaths = (
				"$(DERIVED_FILE_DIR)/Pods-macOS-checkManifestLockResult.txt",
			);
			runOnlyForDeploymentPostprocessing = 0;
			shellPath = /bin/sh;
			shellScript = "diff \"${PODS_PODFILE_DIR_PATH}/Podfile.lock\" \"${PODS_ROOT}/Manifest.lock\" > /dev/null\nif [ $? != 0 ] ; then\n    # print error to STDERR\n    echo \"error: The sandbox is not in sync with the Podfile.lock. Run 'pod install' or update your CocoaPods installation.\" >&2\n    exit 1\nfi\n# This output is used by Xcode 'outputs' to avoid re-running this script phase.\necho \"SUCCESS\" > \"${SCRIPT_OUTPUT_FILE_0}\"\n";
			showEnvVarsInLog = 0;
		};
/* End PBXShellScriptBuildPhase section */

/* Begin PBXSourcesBuildPhase section */
		1DCCE4961FF4CD9700946B44 /* Sources */ = {
			isa = PBXSourcesBuildPhase;
			buildActionMask = 2147483647;
			files = (
				1DCCE4AA1FF4CD9800946B44 /* main.m in Sources */,
				1DCCE4BF1FF4EC4B00946B44 /* XCFlipView.m in Sources */,
				1DCCE4B91FF4EB7300946B44 /* Mycell.m in Sources */,
				1DCCE49F1FF4CD9800946B44 /* AppDelegate.m in Sources */,
				1DCCE4C61FF4EE0600946B44 /* NSColor+Hex.m in Sources */,
				1DCCE4C71FF4EE0600946B44 /* NSView+Frame.m in Sources */,
				1DCCE4B31FF4CDF700946B44 /* RootController.m in Sources */,
			);
			runOnlyForDeploymentPostprocessing = 0;
		};
/* End PBXSourcesBuildPhase section */

/* Begin PBXVariantGroup section */
		1DCCE4A51FF4CD9800946B44 /* Main.storyboard */ = {
			isa = PBXVariantGroup;
			children = (
				1DCCE4A61FF4CD9800946B44 /* Base */,
			);
			name = Main.storyboard;
			sourceTree = "<group>";
		};
/* End PBXVariantGroup section */

/* Begin XCBuildConfiguration section */
		1DCCE4AC1FF4CD9800946B44 /* Debug */ = {
			isa = XCBuildConfiguration;
			buildSettings = {
				ALWAYS_SEARCH_USER_PATHS = NO;
				CLANG_ANALYZER_NONNULL = YES;
				CLANG_ANALYZER_NUMBER_OBJECT_CONVERSION = YES_AGGRESSIVE;
				CLANG_CXX_LANGUAGE_STANDARD = "gnu++14";
				CLANG_CXX_LIBRARY = "libc++";
				CLANG_ENABLE_MODULES = YES;
				CLANG_ENABLE_OBJC_ARC = YES;
				CLANG_WARN_BLOCK_CAPTURE_AUTORELEASING = YES;
				CLANG_WARN_BOOL_CONVERSION = YES;
				CLANG_WARN_COMMA = YES;
				CLANG_WARN_CONSTANT_CONVERSION = YES;
				CLANG_WARN_DIRECT_OBJC_ISA_USAGE = YES_ERROR;
				CLANG_WARN_DOCUMENTATION_COMMENTS = YES;
				CLANG_WARN_EMPTY_BODY = YES;
				CLANG_WARN_ENUM_CONVERSION = YES;
				CLANG_WARN_INFINITE_RECURSION = YES;
				CLANG_WARN_INT_CONVERSION = YES;
				CLANG_WARN_NON_LITERAL_NULL_CONVERSION = YES;
				CLANG_WARN_OBJC_LITERAL_CONVERSION = YES;
				CLANG_WARN_OBJC_ROOT_CLASS = YES_ERROR;
				CLANG_WARN_RANGE_LOOP_ANALYSIS = YES;
				CLANG_WARN_STRICT_PROTOTYPES = YES;
				CLANG_WARN_SUSPICIOUS_MOVE = YES;
				CLANG_WARN_UNGUARDED_AVAILABILITY = YES_AGGRESSIVE;
				CLANG_WARN_UNREACHABLE_CODE = YES;
				CLANG_WARN__DUPLICATE_METHOD_MATCH = YES;
				CODE_SIGN_IDENTITY = "Mac Developer";
				COPY_PHASE_STRIP = NO;
				DEBUG_INFORMATION_FORMAT = dwarf;
				ENABLE_STRICT_OBJC_MSGSEND = YES;
				ENABLE_TESTABILITY = YES;
				GCC_C_LANGUAGE_STANDARD = gnu11;
				GCC_DYNAMIC_NO_PIC = NO;
				GCC_NO_COMMON_BLOCKS = YES;
				GCC_OPTIMIZATION_LEVEL = 0;
				GCC_PREPROCESSOR_DEFINITIONS = (
					"DEBUG=1",
					"$(inherited)",
				);
				GCC_WARN_64_TO_32_BIT_CONVERSION = YES;
				GCC_WARN_ABOUT_RETURN_TYPE = YES_ERROR;
				GCC_WARN_UNDECLARED_SELECTOR = YES;
				GCC_WARN_UNINITIALIZED_AUTOS = YES_AGGRESSIVE;
				GCC_WARN_UNUSED_FUNCTION = YES;
				GCC_WARN_UNUSED_VARIABLE = YES;
				MACOSX_DEPLOYMENT_TARGET = 10.13;
				MTL_ENABLE_DEBUG_INFO = YES;
				ONLY_ACTIVE_ARCH = YES;
				SDKROOT = macosx;
			};
			name = Debug;
		};
		1DCCE4AD1FF4CD9800946B44 /* Release */ = {
			isa = XCBuildConfiguration;
			buildSettings = {
				ALWAYS_SEARCH_USER_PATHS = NO;
				CLANG_ANALYZER_NONNULL = YES;
				CLANG_ANALYZER_NUMBER_OBJECT_CONVERSION = YES_AGGRESSIVE;
				CLANG_CXX_LANGUAGE_STANDARD = "gnu++14";
				CLANG_CXX_LIBRARY = "libc++";
				CLANG_ENABLE_MODULES = YES;
				CLANG_ENABLE_OBJC_ARC = YES;
				CLANG_WARN_BLOCK_CAPTURE_AUTORELEASING = YES;
				CLANG_WARN_BOOL_CONVERSION = YES;
				CLANG_WARN_COMMA = YES;
				CLANG_WARN_CONSTANT_CONVERSION = YES;
				CLANG_WARN_DIRECT_OBJC_ISA_USAGE = YES_ERROR;
				CLANG_WARN_DOCUMENTATION_COMMENTS = YES;
				CLANG_WARN_EMPTY_BODY = YES;
				CLANG_WARN_ENUM_CONVERSION = YES;
				CLANG_WARN_INFINITE_RECURSION = YES;
				CLANG_WARN_INT_CONVERSION = YES;
				CLANG_WARN_NON_LITERAL_NULL_CONVERSION = YES;
				CLANG_WARN_OBJC_LITERAL_CONVERSION = YES;
				CLANG_WARN_OBJC_ROOT_CLASS = YES_ERROR;
				CLANG_WARN_RANGE_LOOP_ANALYSIS = YES;
				CLANG_WARN_STRICT_PROTOTYPES = YES;
				CLANG_WARN_SUSPICIOUS_MOVE = YES;
				CLANG_WARN_UNGUARDED_AVAILABILITY = YES_AGGRESSIVE;
				CLANG_WARN_UNREACHABLE_CODE = YES;
				CLANG_WARN__DUPLICATE_METHOD_MATCH = YES;
				CODE_SIGN_IDENTITY = "Mac Developer";
				COPY_PHASE_STRIP = NO;
				DEBUG_INFORMATION_FORMAT = "dwarf-with-dsym";
				ENABLE_NS_ASSERTIONS = NO;
				ENABLE_STRICT_OBJC_MSGSEND = YES;
				GCC_C_LANGUAGE_STANDARD = gnu11;
				GCC_NO_COMMON_BLOCKS = YES;
				GCC_WARN_64_TO_32_BIT_CONVERSION = YES;
				GCC_WARN_ABOUT_RETURN_TYPE = YES_ERROR;
				GCC_WARN_UNDECLARED_SELECTOR = YES;
				GCC_WARN_UNINITIALIZED_AUTOS = YES_AGGRESSIVE;
				GCC_WARN_UNUSED_FUNCTION = YES;
				GCC_WARN_UNUSED_VARIABLE = YES;
				MACOSX_DEPLOYMENT_TARGET = 10.13;
				MTL_ENABLE_DEBUG_INFO = NO;
				SDKROOT = macosx;
			};
			name = Release;
		};
		1DCCE4AF1FF4CD9800946B44 /* Debug */ = {
			isa = XCBuildConfiguration;
			baseConfigurationReference = B46E295B77941E5B55092E87 /* Pods-macOS.debug.xcconfig */;
			buildSettings = {
				ASSETCATALOG_COMPILER_APPICON_NAME = AppIcon;
				CODE_SIGN_ENTITLEMENTS = macOS/macOS.entitlements;
				CODE_SIGN_STYLE = Automatic;
				COMBINE_HIDPI_IMAGES = YES;
				DEVELOPMENT_TEAM = VN226642G5;
				GCC_PREFIX_HEADER = macOS/PrefixHeader.pch;
				INFOPLIST_FILE = macOS/Info.plist;
				LD_RUNPATH_SEARCH_PATHS = "$(inherited) @executable_path/../Frameworks";
				PRODUCT_BUNDLE_IDENTIFIER = com.suifeng.macOS;
				PRODUCT_NAME = "$(TARGET_NAME)";
			};
			name = Debug;
		};
		1DCCE4B01FF4CD9800946B44 /* Release */ = {
			isa = XCBuildConfiguration;
			baseConfigurationReference = 07A0BDD454FAD740D8BE79F4 /* Pods-macOS.release.xcconfig */;
			buildSettings = {
				ASSETCATALOG_COMPILER_APPICON_NAME = AppIcon;
				CODE_SIGN_ENTITLEMENTS = macOS/macOS.entitlements;
				CODE_SIGN_STYLE = Automatic;
				COMBINE_HIDPI_IMAGES = YES;
				DEVELOPMENT_TEAM = VN226642G5;
				GCC_PREFIX_HEADER = macOS/PrefixHeader.pch;
				INFOPLIST_FILE = macOS/Info.plist;
				LD_RUNPATH_SEARCH_PATHS = "$(inherited) @executable_path/../Frameworks";
				PRODUCT_BUNDLE_IDENTIFIER = com.suifeng.macOS;
				PRODUCT_NAME = "$(TARGET_NAME)";
			};
			name = Release;
		};
/* End XCBuildConfiguration section */

/* Begin XCConfigurationList section */
		1DCCE4951FF4CD9700946B44 /* Build configuration list for PBXProject "macOS" */ = {
			isa = XCConfigurationList;
			buildConfigurations = (
				1DCCE4AC1FF4CD9800946B44 /* Debug */,
				1DCCE4AD1FF4CD9800946B44 /* Release */,
			);
			defaultConfigurationIsVisible = 0;
			defaultConfigurationName = Release;
		};
		1DCCE4AE1FF4CD9800946B44 /* Build configuration list for PBXNativeTarget "macOS" */ = {
			isa = XCConfigurationList;
			buildConfigurations = (
				1DCCE4AF1FF4CD9800946B44 /* Debug */,
				1DCCE4B01FF4CD9800946B44 /* Release */,
			);
			defaultConfigurationIsVisible = 0;
			defaultConfigurationName = Release;
		};
/* End XCConfigurationList section */
	};
	rootObject = 1DCCE4921FF4CD9700946B44 /* Project object */;
}
